{
  "name": "jvlk-api",
  "version": "1.0.0",
  "lockfileVersion": 1,
  "requires": true,
  "dependencies": {
    "@rescript/core": {
      "version": "0.2.0",
      "resolved": "https://registry.npmjs.org/@rescript/core/-/core-0.2.0.tgz",
      "integrity": "sha512-gY0OmietZ1t+EflWwIJAR90sRNxjCrtlg3b3m4o//sQ84e/09S3fC+GErZjl/cdrTPKID6emOlVQ8hRNgF8qVQ=="
    },
    "rescript": {
      "version": "10.1.3",
      "resolved": "https://registry.npmjs.org/rescript/-/rescript-10.1.3.tgz",
      "integrity": "sha512-5qaf63As6nkbrMRJ85kZ0ifLzKAGPOGLuoJ4zFVGZIp4oMePRt6bCKWAIX7zgbRDfRPa3jSu+EnoY2873gxaIA=="
    }
  }
}
